{
  "name": "root",
  "requires": true,
  "lockfileVersion": 1,
  "dependencies": {
    "typescript": {
      "version": "4.2.3",
      "resolved": "https://registry.npm.taobao.org/typescript/download/typescript-4.2.3.tgz",
      "integrity": "sha1-OQYtgBmRLUNyYpjwlJPVmASMHOM=",
      "dev": true
    }
  }
}
